
Microsoft Visual Studio Solution File, Format Version 12.00
# Visual Studio Version 16
VisualStudioVersion = 16.0.30413.136
MinimumVisualStudioVersion = 10.0.40219.1
Project("{FAE04EC0-301F-11D3-BF4B-00C04F79EFBC}") = "Zeats.Legacy.EnumExtensions", "Zeats.Legacy.EnumExtensions\Zeats.Legacy.EnumExtensions.csproj", "{11F16707-6845-484F-8E7C-7733594D70F8}"
EndProject
Project("{FAE04EC0-301F-11D3-BF4B-00C04F79EFBC}") = "Zeats.Legacy.EnumExtensions.UnitTest", "Zeats.Legacy.EnumExtensions.UnitTest\Zeats.Legacy.EnumExtensions.UnitTest.csproj", "{07953CB0-A5C0-415E-A490-22C1F83DFDD2}"
EndProject
Project("{2150E333-8FDC-42A3-9474-1A3956D46DE8}") = ".github", ".github", "{46AAC0D8-AE11-4A4C-B617-8786DA3715F5}"
	ProjectSection(SolutionItems) = preProject
		README.md = README.md
	EndProjectSection
EndProject
Global
	GlobalSection(SolutionConfigurationPlatforms) = preSolution
		Debug|Any CPU = Debug|Any CPU
		Release|Any CPU = Release|Any CPU
	EndGlobalSection
	GlobalSection(ProjectConfigurationPlatforms) = postSolution
		{11F16707-6845-484F-8E7C-7733594D70F8}.Debug|Any CPU.ActiveCfg = Debug|Any CPU
		{11F16707-6845-484F-8E7C-7733594D70F8}.Debug|Any CPU.Build.0 = Debug|Any CPU
		{11F16707-6845-484F-8E7C-7733594D70F8}.Release|Any CPU.ActiveCfg = Release|Any CPU
		{11F16707-6845-484F-8E7C-7733594D70F8}.Release|Any CPU.Build.0 = Release|Any CPU
		{07953CB0-A5C0-415E-A490-22C1F83DFDD2}.Debug|Any CPU.ActiveCfg = Debug|Any CPU
		{07953CB0-A5C0-415E-A490-22C1F83DFDD2}.Debug|Any CPU.Build.0 = Debug|Any CPU
		{07953CB0-A5C0-415E-A490-22C1F83DFDD2}.Release|Any CPU.ActiveCfg = Release|Any CPU
		{07953CB0-A5C0-415E-A490-22C1F83DFDD2}.Release|Any CPU.Build.0 = Release|Any CPU
	EndGlobalSection
	GlobalSection(SolutionProperties) = preSolution
		HideSolutionNode = FALSE
	EndGlobalSection
	GlobalSection(ExtensibilityGlobals) = postSolution
		SolutionGuid = {055C8F64-52D6-459D-B1C1-A30E7C029230}
	EndGlobalSection
EndGlobal
